
Microsoft Visual Studio Solution File, Format Version 12.00
# Visual Studio Version 16
VisualStudioVersion = 16.0.30413.136
MinimumVisualStudioVersion = 10.0.40219.1
Project("{FAE04EC0-301F-11D3-BF4B-00C04F79EFBC}") = "Primeiro", "Primeiro\Primeiro.csproj", "{444F2CC8-F7C6-4DA9-9678-0049EFD36531}"
EndProject
Global
	GlobalSection(SolutionConfigurationPlatforms) = preSolution
		Debug|Any CPU = Debug|Any CPU
		Release|Any CPU = Release|Any CPU
	EndGlobalSection
	GlobalSection(ProjectConfigurationPlatforms) = postSolution
		{444F2CC8-F7C6-4DA9-9678-0049EFD36531}.Debug|Any CPU.ActiveCfg = Debug|Any CPU
		{444F2CC8-F7C6-4DA9-9678-0049EFD36531}.Debug|Any CPU.Build.0 = Debug|Any CPU
		{444F2CC8-F7C6-4DA9-9678-0049EFD36531}.Release|Any CPU.ActiveCfg = Release|Any CPU
		{444F2CC8-F7C6-4DA9-9678-0049EFD36531}.Release|Any CPU.Build.0 = Release|Any CPU
	EndGlobalSection
	GlobalSection(SolutionProperties) = preSolution
		HideSolutionNode = FALSE
	EndGlobalSection
	GlobalSection(ExtensibilityGlobals) = postSolution
		SolutionGuid = {B67C6880-575E-418B-A561-530E9EC59A20}
	EndGlobalSection
EndGlobal
